// !$*UTF8*$!
{
	archiveVersion = 1;
	classes = {
	};
	objectVersion = 48;
	objects = {

/* Begin PBXBuildFile section */
		3997F0C21FC21C8A009CECC9 /* main.cpp in Sources */ = {isa = PBXBuildFile; fileRef = 3997F0C11FC21C8A009CECC9 /* main.cpp */; };
/* End PBXBuildFile section */

/* Begin PBXCopyFilesBuildPhase section */
		3997F0BC1FC21C8A009CECC9 /* CopyFiles */ = {
			isa = PBXCopyFilesBuildPhase;
			buildActionMask = 2147483647;
			dstPath = /usr/share/man/man1/;
			dstSubfolderSpec = 0;
			files = (
			);
			runOnlyForDeploymentPostprocessing = 1;
		};
/* End PBXCopyFilesBuildPhase section */

/* Begin PBXFileReference section */
		3970E5171FC2E7140007F948 /* boost */ = {isa = PBXFileReference; lastKnownFileType = folder; path = boost; sourceTree = "<group>"; };
		3970E5181FC2EBB30007F948 /* README.md */ = {isa = PBXFileReference; fileEncoding = 4; lastKnownFileType = net.daringfireball.markdown; path = README.md; sourceTree = "<group>"; };
		3997F0BE1FC21C8A009CECC9 /* IMACMAN */ = {isa = PBXFileReference; explicitFileType = "compiled.mach-o.executable"; includeInIndex = 0; path = IMACMAN; sourceTree = BUILT_PRODUCTS_DIR; };
		3997F0C11FC21C8A009CECC9 /* main.cpp */ = {isa = PBXFileReference; lastKnownFileType = sourcecode.cpp.cpp; path = main.cpp; sourceTree = "<group>"; };
		3997F0C81FC22BBB009CECC9 /* makefile */ = {isa = PBXFileReference; explicitFileType = sourcecode.make; indentWidth = 1; path = makefile; sourceTree = "<group>"; tabWidth = 1; usesTabs = 1; };
		39CC1AC41FC2440A00C7A7C8 /* .gitignore */ = {isa = PBXFileReference; fileEncoding = 4; lastKnownFileType = text; path = .gitignore; sourceTree = "<group>"; };
/* End PBXFileReference section */

/* Begin PBXFrameworksBuildPhase section */
		3997F0BB1FC21C8A009CECC9 /* Frameworks */ = {
			isa = PBXFrameworksBuildPhase;
			buildActionMask = 2147483647;
			files = (
			);
			runOnlyForDeploymentPostprocessing = 0;
		};
/* End PBXFrameworksBuildPhase section */

/* Begin PBXGroup section */
		3997F0B51FC21C8A009CECC9 = {
			isa = PBXGroup;
			children = (
				3970E5181FC2EBB30007F948 /* README.md */,
				39CC1AC41FC2440A00C7A7C8 /* .gitignore */,
				3997F0C01FC21C8A009CECC9 /* IMACMAN */,
				3997F0BF1FC21C8A009CECC9 /* Products */,
			);
			sourceTree = "<group>";
		};
		3997F0BF1FC21C8A009CECC9 /* Products */ = {
			isa = PBXGroup;
			children = (
				3997F0BE1FC21C8A009CECC9 /* IMACMAN */,
			);
			name = Products;
			sourceTree = "<group>";
		};
		3997F0C01FC21C8A009CECC9 /* IMACMAN */ = {
			isa = PBXGroup;
			children = (
				39DC5FAA1FC2E5F8001515C0 /* Scenes */,
				39DC5FA81FC2E456001515C0 /* libs */,
				3997F0CC1FC22C3F009CECC9 /* Utils */,
				3997F0CB1FC22C35009CECC9 /* Engines */,
				3997F0CA1FC22C2A009CECC9 /* Game */,
				3997F0C11FC21C8A009CECC9 /* main.cpp */,
				3997F0C81FC22BBB009CECC9 /* makefile */,
			);
			path = IMACMAN;
			sourceTree = "<group>";
		};
		3997F0CA1FC22C2A009CECC9 /* Game */ = {
			isa = PBXGroup;
			children = (
				3997F0D61FC22DFC009CECC9 /* build */,
				3997F0CD1FC22C5A009CECC9 /* assets */,
			);
			path = Game;
			sourceTree = "<group>";
		};
		3997F0CB1FC22C35009CECC9 /* Engines */ = {
			isa = PBXGroup;
			children = (
			);
			path = Engines;
			sourceTree = "<group>";
		};
		3997F0CC1FC22C3F009CECC9 /* Utils */ = {
			isa = PBXGroup;
			children = (
			);
			path = Utils;
			sourceTree = "<group>";
		};
		3997F0CD1FC22C5A009CECC9 /* assets */ = {
			isa = PBXGroup;
			children = (
				3997F0D41FC22C87009CECC9 /* fonts */,
				3997F0D21FC22C78009CECC9 /* meshs */,
				3997F0D11FC22C72009CECC9 /* levels */,
				3997F0D01FC22C6B009CECC9 /* sounds */,
				3997F0CE1FC22C60009CECC9 /* images */,
			);
			path = assets;
			sourceTree = "<group>";
		};
		3997F0CE1FC22C60009CECC9 /* images */ = {
			isa = PBXGroup;
			children = (
			);
			path = images;
			sourceTree = "<group>";
		};
		3997F0D01FC22C6B009CECC9 /* sounds */ = {
			isa = PBXGroup;
			children = (
			);
			path = sounds;
			sourceTree = "<group>";
		};
		3997F0D11FC22C72009CECC9 /* levels */ = {
			isa = PBXGroup;
			children = (
			);
			path = levels;
			sourceTree = "<group>";
		};
		3997F0D21FC22C78009CECC9 /* meshs */ = {
			isa = PBXGroup;
			children = (
			);
			path = meshs;
			sourceTree = "<group>";
		};
		3997F0D41FC22C87009CECC9 /* fonts */ = {
			isa = PBXGroup;
			children = (
			);
			path = fonts;
			sourceTree = "<group>";
		};
		3997F0D61FC22DFC009CECC9 /* build */ = {
			isa = PBXGroup;
			children = (
			);
			path = build;
			sourceTree = "<group>";
		};
		39DC5FA81FC2E456001515C0 /* libs */ = {
			isa = PBXGroup;
			children = (
				3970E5171FC2E7140007F948 /* boost */,
			);
			path = libs;
			sourceTree = "<group>";
		};
		39DC5FAA1FC2E5F8001515C0 /* Scenes */ = {
			isa = PBXGroup;
			children = (
			);
			path = Scenes;
			sourceTree = "<group>";
		};
/* End PBXGroup section */

/* Begin PBXLegacyTarget section */
		3970E51D1FC2F3970007F948 /* Makefile */ = {
			isa = PBXLegacyTarget;
			buildArgumentsString = "$(ACTION)";
			buildConfigurationList = 3970E51E1FC2F3970007F948 /* Build configuration list for PBXLegacyTarget "Makefile" */;
			buildPhases = (
			);
			buildToolPath = /usr/bin/make;
			buildWorkingDirectory = "/Users/val/Cours/Synthèse d'images/IMACMAN/IMACMAN";
			dependencies = (
			);
			name = Makefile;
			passBuildSettingsInEnvironment = 0;
			productName = Makfeile;
		};
/* End PBXLegacyTarget section */

/* Begin PBXNativeTarget section */
		3997F0BD1FC21C8A009CECC9 /* IMACMAN */ = {
			isa = PBXNativeTarget;
			buildConfigurationList = 3997F0C51FC21C8A009CECC9 /* Build configuration list for PBXNativeTarget "IMACMAN" */;
			buildPhases = (
				3997F0BA1FC21C8A009CECC9 /* Sources */,
				3997F0BB1FC21C8A009CECC9 /* Frameworks */,
				3997F0BC1FC21C8A009CECC9 /* CopyFiles */,
			);
			buildRules = (
			);
			dependencies = (
			);
			name = IMACMAN;
			productName = IMACMAN;
			productReference = 3997F0BE1FC21C8A009CECC9 /* IMACMAN */;
			productType = "com.apple.product-type.tool";
		};
/* End PBXNativeTarget section */

/* Begin PBXProject section */
		3997F0B61FC21C8A009CECC9 /* Project object */ = {
			isa = PBXProject;
			attributes = {
				LastUpgradeCheck = 0900;
				ORGANIZATIONNAME = "Valentin Dufois";
				TargetAttributes = {
					3970E51D1FC2F3970007F948 = {
						CreatedOnToolsVersion = 9.0;
						ProvisioningStyle = Automatic;
					};
					3997F0BD1FC21C8A009CECC9 = {
						CreatedOnToolsVersion = 9.0;
						ProvisioningStyle = Automatic;
					};
				};
			};
			buildConfigurationList = 3997F0B91FC21C8A009CECC9 /* Build configuration list for PBXProject "IMACMAN" */;
			compatibilityVersion = "Xcode 8.0";
			developmentRegion = en;
			hasScannedForEncodings = 0;
			knownRegions = (
				en,
			);
			mainGroup = 3997F0B51FC21C8A009CECC9;
			productRefGroup = 3997F0BF1FC21C8A009CECC9 /* Products */;
			projectDirPath = "";
			projectRoot = "";
			targets = (
				3997F0BD1FC21C8A009CECC9 /* IMACMAN */,
				3970E51D1FC2F3970007F948 /* Makefile */,
			);
		};
/* End PBXProject section */

/* Begin PBXSourcesBuildPhase section */
		3997F0BA1FC21C8A009CECC9 /* Sources */ = {
			isa = PBXSourcesBuildPhase;
			buildActionMask = 2147483647;
			files = (
				3997F0C21FC21C8A009CECC9 /* main.cpp in Sources */,
			);
			runOnlyForDeploymentPostprocessing = 0;
		};
/* End PBXSourcesBuildPhase section */

/* Begin XCBuildConfiguration section */
		3970E51F1FC2F3970007F948 /* Debug */ = {
			isa = XCBuildConfiguration;
			buildSettings = {
				CODE_SIGN_STYLE = Automatic;
				DEBUGGING_SYMBOLS = YES;
				DEBUG_INFORMATION_FORMAT = dwarf;
				GCC_GENERATE_DEBUGGING_SYMBOLS = YES;
				GCC_OPTIMIZATION_LEVEL = 0;
				OTHER_CFLAGS = "";
				OTHER_LDFLAGS = "";
				PRODUCT_NAME = "$(TARGET_NAME)";
			};
			name = Debug;
		};
		3970E5201FC2F3970007F948 /* Release */ = {
			isa = XCBuildConfiguration;
			buildSettings = {
				CODE_SIGN_STYLE = Automatic;
				DEBUG_INFORMATION_FORMAT = "dwarf-with-dsym";
				OTHER_CFLAGS = "";
				OTHER_LDFLAGS = "";
				PRODUCT_NAME = "$(TARGET_NAME)";
			};
			name = Release;
		};
		3997F0C31FC21C8A009CECC9 /* Debug */ = {
			isa = XCBuildConfiguration;
			buildSettings = {
				ALWAYS_SEARCH_USER_PATHS = NO;
				CLANG_ANALYZER_NONNULL = YES;
				CLANG_ANALYZER_NUMBER_OBJECT_CONVERSION = YES_AGGRESSIVE;
				CLANG_CXX_LANGUAGE_STANDARD = "gnu++14";
				CLANG_CXX_LIBRARY = "libc++";
				CLANG_ENABLE_MODULES = YES;
				CLANG_ENABLE_OBJC_ARC = YES;
				CLANG_WARN_BLOCK_CAPTURE_AUTORELEASING = YES;
				CLANG_WARN_BOOL_CONVERSION = YES;
				CLANG_WARN_COMMA = YES;
				CLANG_WARN_CONSTANT_CONVERSION = YES;
				CLANG_WARN_DIRECT_OBJC_ISA_USAGE = YES_ERROR;
				CLANG_WARN_DOCUMENTATION_COMMENTS = YES;
				CLANG_WARN_EMPTY_BODY = YES;
				CLANG_WARN_ENUM_CONVERSION = YES;
				CLANG_WARN_INFINITE_RECURSION = YES;
				CLANG_WARN_INT_CONVERSION = YES;
				CLANG_WARN_NON_LITERAL_NULL_CONVERSION = YES;
				CLANG_WARN_OBJC_LITERAL_CONVERSION = YES;
				CLANG_WARN_OBJC_ROOT_CLASS = YES_ERROR;
				CLANG_WARN_RANGE_LOOP_ANALYSIS = YES;
				CLANG_WARN_STRICT_PROTOTYPES = YES;
				CLANG_WARN_SUSPICIOUS_MOVE = YES;
				CLANG_WARN_UNGUARDED_AVAILABILITY = YES_AGGRESSIVE;
				CLANG_WARN_UNREACHABLE_CODE = YES;
				CLANG_WARN__DUPLICATE_METHOD_MATCH = YES;
				CODE_SIGN_IDENTITY = "Mac Developer";
				COPY_PHASE_STRIP = NO;
				DEBUG_INFORMATION_FORMAT = dwarf;
				ENABLE_STRICT_OBJC_MSGSEND = YES;
				ENABLE_TESTABILITY = YES;
				GCC_C_LANGUAGE_STANDARD = gnu11;
				GCC_DYNAMIC_NO_PIC = NO;
				GCC_NO_COMMON_BLOCKS = YES;
				GCC_OPTIMIZATION_LEVEL = 0;
				GCC_PREPROCESSOR_DEFINITIONS = (
					"DEBUG=1",
					"$(inherited)",
				);
				GCC_WARN_64_TO_32_BIT_CONVERSION = YES;
				GCC_WARN_ABOUT_RETURN_TYPE = YES_ERROR;
				GCC_WARN_UNDECLARED_SELECTOR = YES;
				GCC_WARN_UNINITIALIZED_AUTOS = YES_AGGRESSIVE;
				GCC_WARN_UNUSED_FUNCTION = YES;
				GCC_WARN_UNUSED_VARIABLE = YES;
				MACOSX_DEPLOYMENT_TARGET = 10.13;
				MTL_ENABLE_DEBUG_INFO = YES;
				ONLY_ACTIVE_ARCH = YES;
				SDKROOT = macosx;
			};
			name = Debug;
		};
		3997F0C41FC21C8A009CECC9 /* Release */ = {
			isa = XCBuildConfiguration;
			buildSettings = {
				ALWAYS_SEARCH_USER_PATHS = NO;
				CLANG_ANALYZER_NONNULL = YES;
				CLANG_ANALYZER_NUMBER_OBJECT_CONVERSION = YES_AGGRESSIVE;
				CLANG_CXX_LANGUAGE_STANDARD = "gnu++14";
				CLANG_CXX_LIBRARY = "libc++";
				CLANG_ENABLE_MODULES = YES;
				CLANG_ENABLE_OBJC_ARC = YES;
				CLANG_WARN_BLOCK_CAPTURE_AUTORELEASING = YES;
				CLANG_WARN_BOOL_CONVERSION = YES;
				CLANG_WARN_COMMA = YES;
				CLANG_WARN_CONSTANT_CONVERSION = YES;
				CLANG_WARN_DIRECT_OBJC_ISA_USAGE = YES_ERROR;
				CLANG_WARN_DOCUMENTATION_COMMENTS = YES;
				CLANG_WARN_EMPTY_BODY = YES;
				CLANG_WARN_ENUM_CONVERSION = YES;
				CLANG_WARN_INFINITE_RECURSION = YES;
				CLANG_WARN_INT_CONVERSION = YES;
				CLANG_WARN_NON_LITERAL_NULL_CONVERSION = YES;
				CLANG_WARN_OBJC_LITERAL_CONVERSION = YES;
				CLANG_WARN_OBJC_ROOT_CLASS = YES_ERROR;
				CLANG_WARN_RANGE_LOOP_ANALYSIS = YES;
				CLANG_WARN_STRICT_PROTOTYPES = YES;
				CLANG_WARN_SUSPICIOUS_MOVE = YES;
				CLANG_WARN_UNGUARDED_AVAILABILITY = YES_AGGRESSIVE;
				CLANG_WARN_UNREACHABLE_CODE = YES;
				CLANG_WARN__DUPLICATE_METHOD_MATCH = YES;
				CODE_SIGN_IDENTITY = "Mac Developer";
				COPY_PHASE_STRIP = NO;
				DEBUG_INFORMATION_FORMAT = "dwarf-with-dsym";
				ENABLE_NS_ASSERTIONS = NO;
				ENABLE_STRICT_OBJC_MSGSEND = YES;
				GCC_C_LANGUAGE_STANDARD = gnu11;
				GCC_NO_COMMON_BLOCKS = YES;
				GCC_WARN_64_TO_32_BIT_CONVERSION = YES;
				GCC_WARN_ABOUT_RETURN_TYPE = YES_ERROR;
				GCC_WARN_UNDECLARED_SELECTOR = YES;
				GCC_WARN_UNINITIALIZED_AUTOS = YES_AGGRESSIVE;
				GCC_WARN_UNUSED_FUNCTION = YES;
				GCC_WARN_UNUSED_VARIABLE = YES;
				MACOSX_DEPLOYMENT_TARGET = 10.13;
				MTL_ENABLE_DEBUG_INFO = NO;
				SDKROOT = macosx;
			};
			name = Release;
		};
		3997F0C61FC21C8A009CECC9 /* Debug */ = {
			isa = XCBuildConfiguration;
			buildSettings = {
				CODE_SIGN_IDENTITY = "";
				CODE_SIGN_STYLE = Automatic;
				DEVELOPMENT_TEAM = "";
				HEADER_SEARCH_PATHS = IMACMAN/libs/boost/;
				PRODUCT_NAME = "$(TARGET_NAME)";
				PROVISIONING_PROFILE_SPECIFIER = "";
			};
			name = Debug;
		};
		3997F0C71FC21C8A009CECC9 /* Release */ = {
			isa = XCBuildConfiguration;
			buildSettings = {
				CODE_SIGN_IDENTITY = "";
				CODE_SIGN_STYLE = Automatic;
				DEVELOPMENT_TEAM = "";
				HEADER_SEARCH_PATHS = IMACMAN/libs/boost/;
				PRODUCT_NAME = "$(TARGET_NAME)";
				PROVISIONING_PROFILE_SPECIFIER = "";
			};
			name = Release;
		};
/* End XCBuildConfiguration section */

/* Begin XCConfigurationList section */
		3970E51E1FC2F3970007F948 /* Build configuration list for PBXLegacyTarget "Makefile" */ = {
			isa = XCConfigurationList;
			buildConfigurations = (
				3970E51F1FC2F3970007F948 /* Debug */,
				3970E5201FC2F3970007F948 /* Release */,
			);
			defaultConfigurationIsVisible = 0;
			defaultConfigurationName = Release;
		};
		3997F0B91FC21C8A009CECC9 /* Build configuration list for PBXProject "IMACMAN" */ = {
			isa = XCConfigurationList;
			buildConfigurations = (
				3997F0C31FC21C8A009CECC9 /* Debug */,
				3997F0C41FC21C8A009CECC9 /* Release */,
			);
			defaultConfigurationIsVisible = 0;
			defaultConfigurationName = Release;
		};
		3997F0C51FC21C8A009CECC9 /* Build configuration list for PBXNativeTarget "IMACMAN" */ = {
			isa = XCConfigurationList;
			buildConfigurations = (
				3997F0C61FC21C8A009CECC9 /* Debug */,
				3997F0C71FC21C8A009CECC9 /* Release */,
			);
			defaultConfigurationIsVisible = 0;
			defaultConfigurationName = Release;
		};
/* End XCConfigurationList section */
	};
	rootObject = 3997F0B61FC21C8A009CECC9 /* Project object */;
}
